// !$*UTF8*$!
{
	archiveVersion = 1;
	classes = {
	};
	objectVersion = 56;
	objects = {

/* Begin PBXBuildFile section */
		E4F6DD4C2C34383F006F6515 /* AppDelegate.swift in Sources */ = {isa = PBXBuildFile; fileRef = E4F6DD4B2C34383F006F6515 /* AppDelegate.swift */; };
		E4F6DD4E2C34383F006F6515 /* SceneDelegate.swift in Sources */ = {isa = PBXBuildFile; fileRef = E4F6DD4D2C34383F006F6515 /* SceneDelegate.swift */; };
		E4F6DD502C34383F006F6515 /* ViewController.swift in Sources */ = {isa = PBXBuildFile; fileRef = E4F6DD4F2C34383F006F6515 /* ViewController.swift */; };
		E4F6DD532C34383F006F6515 /* Base in Resources */ = {isa = PBXBuildFile; fileRef = E4F6DD522C34383F006F6515 /* Base */; };
		E4F6DD552C343840006F6515 /* Assets.xcassets in Resources */ = {isa = PBXBuildFile; fileRef = E4F6DD542C343840006F6515 /* Assets.xcassets */; };
		E4F6DD582C343840006F6515 /* Base in Resources */ = {isa = PBXBuildFile; fileRef = E4F6DD572C343840006F6515 /* Base */; };
		E4F6DD632C343840006F6515 /* VievControllerLifecycleTests.swift in Sources */ = {isa = PBXBuildFile; fileRef = E4F6DD622C343840006F6515 /* VievControllerLifecycleTests.swift */; };
		E4F6DD6D2C343840006F6515 /* VievControllerLifecycleUITests.swift in Sources */ = {isa = PBXBuildFile; fileRef = E4F6DD6C2C343840006F6515 /* VievControllerLifecycleUITests.swift */; };
		E4F6DD6F2C343840006F6515 /* VievControllerLifecycleUITestsLaunchTests.swift in Sources */ = {isa = PBXBuildFile; fileRef = E4F6DD6E2C343840006F6515 /* VievControllerLifecycleUITestsLaunchTests.swift */; };
/* End PBXBuildFile section */

/* Begin PBXContainerItemProxy section */
		E4F6DD5F2C343840006F6515 /* PBXContainerItemProxy */ = {
			isa = PBXContainerItemProxy;
			containerPortal = E4F6DD402C34383F006F6515 /* Project object */;
			proxyType = 1;
			remoteGlobalIDString = E4F6DD472C34383F006F6515;
			remoteInfo = VievControllerLifecycle;
		};
		E4F6DD692C343840006F6515 /* PBXContainerItemProxy */ = {
			isa = PBXContainerItemProxy;
			containerPortal = E4F6DD402C34383F006F6515 /* Project object */;
			proxyType = 1;
			remoteGlobalIDString = E4F6DD472C34383F006F6515;
			remoteInfo = VievControllerLifecycle;
		};
/* End PBXContainerItemProxy section */

/* Begin PBXFileReference section */
		E4F6DD482C34383F006F6515 /* VievControllerLifecycle.app */ = {isa = PBXFileReference; explicitFileType = wrapper.application; includeInIndex = 0; path = VievControllerLifecycle.app; sourceTree = BUILT_PRODUCTS_DIR; };
		E4F6DD4B2C34383F006F6515 /* AppDelegate.swift */ = {isa = PBXFileReference; lastKnownFileType = sourcecode.swift; path = AppDelegate.swift; sourceTree = "<group>"; };
		E4F6DD4D2C34383F006F6515 /* SceneDelegate.swift */ = {isa = PBXFileReference; lastKnownFileType = sourcecode.swift; path = SceneDelegate.swift; sourceTree = "<group>"; };
		E4F6DD4F2C34383F006F6515 /* ViewController.swift */ = {isa = PBXFileReference; lastKnownFileType = sourcecode.swift; path = ViewController.swift; sourceTree = "<group>"; };
		E4F6DD522C34383F006F6515 /* Base */ = {isa = PBXFileReference; lastKnownFileType = file.storyboard; name = Base; path = Base.lproj/Main.storyboard; sourceTree = "<group>"; };
		E4F6DD542C343840006F6515 /* Assets.xcassets */ = {isa = PBXFileReference; lastKnownFileType = folder.assetcatalog; path = Assets.xcassets; sourceTree = "<group>"; };
		E4F6DD572C343840006F6515 /* Base */ = {isa = PBXFileReference; lastKnownFileType = file.storyboard; name = Base; path = Base.lproj/LaunchScreen.storyboard; sourceTree = "<group>"; };
		E4F6DD592C343840006F6515 /* Info.plist */ = {isa = PBXFileReference; lastKnownFileType = text.plist.xml; path = Info.plist; sourceTree = "<group>"; };
		E4F6DD5E2C343840006F6515 /* VievControllerLifecycleTests.xctest */ = {isa = PBXFileReference; explicitFileType = wrapper.cfbundle; includeInIndex = 0; path = VievControllerLifecycleTests.xctest; sourceTree = BUILT_PRODUCTS_DIR; };
		E4F6DD622C343840006F6515 /* VievControllerLifecycleTests.swift */ = {isa = PBXFileReference; lastKnownFileType = sourcecode.swift; path = VievControllerLifecycleTests.swift; sourceTree = "<group>"; };
		E4F6DD682C343840006F6515 /* VievControllerLifecycleUITests.xctest */ = {isa = PBXFileReference; explicitFileType = wrapper.cfbundle; includeInIndex = 0; path = VievControllerLifecycleUITests.xctest; sourceTree = BUILT_PRODUCTS_DIR; };
		E4F6DD6C2C343840006F6515 /* VievControllerLifecycleUITests.swift */ = {isa = PBXFileReference; lastKnownFileType = sourcecode.swift; path = VievControllerLifecycleUITests.swift; sourceTree = "<group>"; };
		E4F6DD6E2C343840006F6515 /* VievControllerLifecycleUITestsLaunchTests.swift */ = {isa = PBXFileReference; lastKnownFileType = sourcecode.swift; path = VievControllerLifecycleUITestsLaunchTests.swift; sourceTree = "<group>"; };
/* End PBXFileReference section */

/* Begin PBXFrameworksBuildPhase section */
		E4F6DD452C34383F006F6515 /* Frameworks */ = {
			isa = PBXFrameworksBuildPhase;
			buildActionMask = 2147483647;
			files = (
			);
			runOnlyForDeploymentPostprocessing = 0;
		};
		E4F6DD5B2C343840006F6515 /* Frameworks */ = {
			isa = PBXFrameworksBuildPhase;
			buildActionMask = 2147483647;
			files = (
			);
			runOnlyForDeploymentPostprocessing = 0;
		};
		E4F6DD652C343840006F6515 /* Frameworks */ = {
			isa = PBXFrameworksBuildPhase;
			buildActionMask = 2147483647;
			files = (
			);
			runOnlyForDeploymentPostprocessing = 0;
		};
/* End PBXFrameworksBuildPhase section */

/* Begin PBXGroup section */
		E4F6DD3F2C34383F006F6515 = {
			isa = PBXGroup;
			children = (
				E4F6DD4A2C34383F006F6515 /* VievControllerLifecycle */,
				E4F6DD612C343840006F6515 /* VievControllerLifecycleTests */,
				E4F6DD6B2C343840006F6515 /* VievControllerLifecycleUITests */,
				E4F6DD492C34383F006F6515 /* Products */,
			);
			sourceTree = "<group>";
		};
		E4F6DD492C34383F006F6515 /* Products */ = {
			isa = PBXGroup;
			children = (
				E4F6DD482C34383F006F6515 /* VievControllerLifecycle.app */,
				E4F6DD5E2C343840006F6515 /* VievControllerLifecycleTests.xctest */,
				E4F6DD682C343840006F6515 /* VievControllerLifecycleUITests.xctest */,
			);
			name = Products;
			sourceTree = "<group>";
		};
		E4F6DD4A2C34383F006F6515 /* VievControllerLifecycle */ = {
			isa = PBXGroup;
			children = (
				E4F6DD4B2C34383F006F6515 /* AppDelegate.swift */,
				E4F6DD4D2C34383F006F6515 /* SceneDelegate.swift */,
				E4F6DD4F2C34383F006F6515 /* ViewController.swift */,
				E4F6DD512C34383F006F6515 /* Main.storyboard */,
				E4F6DD542C343840006F6515 /* Assets.xcassets */,
				E4F6DD562C343840006F6515 /* LaunchScreen.storyboard */,
				E4F6DD592C343840006F6515 /* Info.plist */,
			);
			path = VievControllerLifecycle;
			sourceTree = "<group>";
		};
		E4F6DD612C343840006F6515 /* VievControllerLifecycleTests */ = {
			isa = PBXGroup;
			children = (
				E4F6DD622C343840006F6515 /* VievControllerLifecycleTests.swift */,
			);
			path = VievControllerLifecycleTests;
			sourceTree = "<group>";
		};
		E4F6DD6B2C343840006F6515 /* VievControllerLifecycleUITests */ = {
			isa = PBXGroup;
			children = (
				E4F6DD6C2C343840006F6515 /* VievControllerLifecycleUITests.swift */,
				E4F6DD6E2C343840006F6515 /* VievControllerLifecycleUITestsLaunchTests.swift */,
			);
			path = VievControllerLifecycleUITests;
			sourceTree = "<group>";
		};
/* End PBXGroup section */

/* Begin PBXNativeTarget section */
		E4F6DD472C34383F006F6515 /* VievControllerLifecycle */ = {
			isa = PBXNativeTarget;
			buildConfigurationList = E4F6DD722C343840006F6515 /* Build configuration list for PBXNativeTarget "VievControllerLifecycle" */;
			buildPhases = (
				E4F6DD442C34383F006F6515 /* Sources */,
				E4F6DD452C34383F006F6515 /* Frameworks */,
				E4F6DD462C34383F006F6515 /* Resources */,
			);
			buildRules = (
			);
			dependencies = (
			);
			name = VievControllerLifecycle;
			productName = VievControllerLifecycle;
			productReference = E4F6DD482C34383F006F6515 /* VievControllerLifecycle.app */;
			productType = "com.apple.product-type.application";
		};
		E4F6DD5D2C343840006F6515 /* VievControllerLifecycleTests */ = {
			isa = PBXNativeTarget;
			buildConfigurationList = E4F6DD752C343840006F6515 /* Build configuration list for PBXNativeTarget "VievControllerLifecycleTests" */;
			buildPhases = (
				E4F6DD5A2C343840006F6515 /* Sources */,
				E4F6DD5B2C343840006F6515 /* Frameworks */,
				E4F6DD5C2C343840006F6515 /* Resources */,
			);
			buildRules = (
			);
			dependencies = (
				E4F6DD602C343840006F6515 /* PBXTargetDependency */,
			);
			name = VievControllerLifecycleTests;
			productName = VievControllerLifecycleTests;
			productReference = E4F6DD5E2C343840006F6515 /* VievControllerLifecycleTests.xctest */;
			productType = "com.apple.product-type.bundle.unit-test";
		};
		E4F6DD672C343840006F6515 /* VievControllerLifecycleUITests */ = {
			isa = PBXNativeTarget;
			buildConfigurationList = E4F6DD782C343840006F6515 /* Build configuration list for PBXNativeTarget "VievControllerLifecycleUITests" */;
			buildPhases = (
				E4F6DD642C343840006F6515 /* Sources */,
				E4F6DD652C343840006F6515 /* Frameworks */,
				E4F6DD662C343840006F6515 /* Resources */,
			);
			buildRules = (
			);
			dependencies = (
				E4F6DD6A2C343840006F6515 /* PBXTargetDependency */,
			);
			name = VievControllerLifecycleUITests;
			productName = VievControllerLifecycleUITests;
			productReference = E4F6DD682C343840006F6515 /* VievControllerLifecycleUITests.xctest */;
			productType = "com.apple.product-type.bundle.ui-testing";
		};
/* End PBXNativeTarget section */

/* Begin PBXProject section */
		E4F6DD402C34383F006F6515 /* Project object */ = {
			isa = PBXProject;
			attributes = {
				BuildIndependentTargetsInParallel = 1;
				LastSwiftUpdateCheck = 1540;
				LastUpgradeCheck = 1540;
				TargetAttributes = {
					E4F6DD472C34383F006F6515 = {
						CreatedOnToolsVersion = 15.4;
					};
					E4F6DD5D2C343840006F6515 = {
						CreatedOnToolsVersion = 15.4;
						TestTargetID = E4F6DD472C34383F006F6515;
					};
					E4F6DD672C343840006F6515 = {
						CreatedOnToolsVersion = 15.4;
						TestTargetID = E4F6DD472C34383F006F6515;
					};
				};
			};
			buildConfigurationList = E4F6DD432C34383F006F6515 /* Build configuration list for PBXProject "VievControllerLifecycle" */;
			compatibilityVersion = "Xcode 14.0";
			developmentRegion = en;
			hasScannedForEncodings = 0;
			knownRegions = (
				en,
				Base,
			);
			mainGroup = E4F6DD3F2C34383F006F6515;
			productRefGroup = E4F6DD492C34383F006F6515 /* Products */;
			projectDirPath = "";
			projectRoot = "";
			targets = (
				E4F6DD472C34383F006F6515 /* VievControllerLifecycle */,
				E4F6DD5D2C343840006F6515 /* VievControllerLifecycleTests */,
				E4F6DD672C343840006F6515 /* VievControllerLifecycleUITests */,
			);
		};
/* End PBXProject section */

/* Begin PBXResourcesBuildPhase section */
		E4F6DD462C34383F006F6515 /* Resources */ = {
			isa = PBXResourcesBuildPhase;
			buildActionMask = 2147483647;
			files = (
				E4F6DD552C343840006F6515 /* Assets.xcassets in Resources */,
				E4F6DD582C343840006F6515 /* Base in Resources */,
				E4F6DD532C34383F006F6515 /* Base in Resources */,
			);
			runOnlyForDeploymentPostprocessing = 0;
		};
		E4F6DD5C2C343840006F6515 /* Resources */ = {
			isa = PBXResourcesBuildPhase;
			buildActionMask = 2147483647;
			files = (
			);
			runOnlyForDeploymentPostprocessing = 0;
		};
		E4F6DD662C343840006F6515 /* Resources */ = {
			isa = PBXResourcesBuildPhase;
			buildActionMask = 2147483647;
			files = (
			);
			runOnlyForDeploymentPostprocessing = 0;
		};
/* End PBXResourcesBuildPhase section */

/* Begin PBXSourcesBuildPhase section */
		E4F6DD442C34383F006F6515 /* Sources */ = {
			isa = PBXSourcesBuildPhase;
			buildActionMask = 2147483647;
			files = (
				E4F6DD502C34383F006F6515 /* ViewController.swift in Sources */,
				E4F6DD4C2C34383F006F6515 /* AppDelegate.swift in Sources */,
				E4F6DD4E2C34383F006F6515 /* SceneDelegate.swift in Sources */,
			);
			runOnlyForDeploymentPostprocessing = 0;
		};
		E4F6DD5A2C343840006F6515 /* Sources */ = {
			isa = PBXSourcesBuildPhase;
			buildActionMask = 2147483647;
			files = (
				E4F6DD632C343840006F6515 /* VievControllerLifecycleTests.swift in Sources */,
			);
			runOnlyForDeploymentPostprocessing = 0;
		};
		E4F6DD642C343840006F6515 /* Sources */ = {
			isa = PBXSourcesBuildPhase;
			buildActionMask = 2147483647;
			files = (
				E4F6DD6D2C343840006F6515 /* VievControllerLifecycleUITests.swift in Sources */,
				E4F6DD6F2C343840006F6515 /* VievControllerLifecycleUITestsLaunchTests.swift in Sources */,
			);
			runOnlyForDeploymentPostprocessing = 0;
		};
/* End PBXSourcesBuildPhase section */

/* Begin PBXTargetDependency section */
		E4F6DD602C343840006F6515 /* PBXTargetDependency */ = {
			isa = PBXTargetDependency;
			target = E4F6DD472C34383F006F6515 /* VievControllerLifecycle */;
			targetProxy = E4F6DD5F2C343840006F6515 /* PBXContainerItemProxy */;
		};
		E4F6DD6A2C343840006F6515 /* PBXTargetDependency */ = {
			isa = PBXTargetDependency;
			target = E4F6DD472C34383F006F6515 /* VievControllerLifecycle */;
			targetProxy = E4F6DD692C343840006F6515 /* PBXContainerItemProxy */;
		};
/* End PBXTargetDependency section */

/* Begin PBXVariantGroup section */
		E4F6DD512C34383F006F6515 /* Main.storyboard */ = {
			isa = PBXVariantGroup;
			children = (
				E4F6DD522C34383F006F6515 /* Base */,
			);
			name = Main.storyboard;
			sourceTree = "<group>";
		};
		E4F6DD562C343840006F6515 /* LaunchScreen.storyboard */ = {
			isa = PBXVariantGroup;
			children = (
				E4F6DD572C343840006F6515 /* Base */,
			);
			name = LaunchScreen.storyboard;
			sourceTree = "<group>";
		};
/* End PBXVariantGroup section */

/* Begin XCBuildConfiguration section */
		E4F6DD702C343840006F6515 /* Debug */ = {
			isa = XCBuildConfiguration;
			buildSettings = {
				ALWAYS_SEARCH_USER_PATHS = NO;
				ASSETCATALOG_COMPILER_GENERATE_SWIFT_ASSET_SYMBOL_EXTENSIONS = YES;
				CLANG_ANALYZER_NONNULL = YES;
				CLANG_ANALYZER_NUMBER_OBJECT_CONVERSION = YES_AGGRESSIVE;
				CLANG_CXX_LANGUAGE_STANDARD = "gnu++20";
				CLANG_ENABLE_MODULES = YES;
				CLANG_ENABLE_OBJC_ARC = YES;
				CLANG_ENABLE_OBJC_WEAK = YES;
				CLANG_WARN_BLOCK_CAPTURE_AUTORELEASING = YES;
				CLANG_WARN_BOOL_CONVERSION = YES;
				CLANG_WARN_COMMA = YES;
				CLANG_WARN_CONSTANT_CONVERSION = YES;
				CLANG_WARN_DEPRECATED_OBJC_IMPLEMENTATIONS = YES;
				CLANG_WARN_DIRECT_OBJC_ISA_USAGE = YES_ERROR;
				CLANG_WARN_DOCUMENTATION_COMMENTS = YES;
				CLANG_WARN_EMPTY_BODY = YES;
				CLANG_WARN_ENUM_CONVERSION = YES;
				CLANG_WARN_INFINITE_RECURSION = YES;
				CLANG_WARN_INT_CONVERSION = YES;
				CLANG_WARN_NON_LITERAL_NULL_CONVERSION = YES;
				CLANG_WARN_OBJC_IMPLICIT_RETAIN_SELF = YES;
				CLANG_WARN_OBJC_LITERAL_CONVERSION = YES;
				CLANG_WARN_OBJC_ROOT_CLASS = YES_ERROR;
				CLANG_WARN_QUOTED_INCLUDE_IN_FRAMEWORK_HEADER = YES;
				CLANG_WARN_RANGE_LOOP_ANALYSIS = YES;
				CLANG_WARN_STRICT_PROTOTYPES = YES;
				CLANG_WARN_SUSPICIOUS_MOVE = YES;
				CLANG_WARN_UNGUARDED_AVAILABILITY = YES_AGGRESSIVE;
				CLANG_WARN_UNREACHABLE_CODE = YES;
				CLANG_WARN__DUPLICATE_METHOD_MATCH = YES;
				COPY_PHASE_STRIP = NO;
				DEBUG_INFORMATION_FORMAT = dwarf;
				ENABLE_STRICT_OBJC_MSGSEND = YES;
				ENABLE_TESTABILITY = YES;
				ENABLE_USER_SCRIPT_SANDBOXING = YES;
				GCC_C_LANGUAGE_STANDARD = gnu17;
				GCC_DYNAMIC_NO_PIC = NO;
				GCC_NO_COMMON_BLOCKS = YES;
				GCC_OPTIMIZATION_LEVEL = 0;
				GCC_PREPROCESSOR_DEFINITIONS = (
					"DEBUG=1",
					"$(inherited)",
				);
				GCC_WARN_64_TO_32_BIT_CONVERSION = YES;
				GCC_WARN_ABOUT_RETURN_TYPE = YES_ERROR;
				GCC_WARN_UNDECLARED_SELECTOR = YES;
				GCC_WARN_UNINITIALIZED_AUTOS = YES_AGGRESSIVE;
				GCC_WARN_UNUSED_FUNCTION = YES;
				GCC_WARN_UNUSED_VARIABLE = YES;
				IPHONEOS_DEPLOYMENT_TARGET = 17.5;
				LOCALIZATION_PREFERS_STRING_CATALOGS = YES;
				MTL_ENABLE_DEBUG_INFO = INCLUDE_SOURCE;
				MTL_FAST_MATH = YES;
				ONLY_ACTIVE_ARCH = YES;
				SDKROOT = iphoneos;
				SWIFT_ACTIVE_COMPILATION_CONDITIONS = "DEBUG $(inherited)";
				SWIFT_OPTIMIZATION_LEVEL = "-Onone";
			};
			name = Debug;
		};
		E4F6DD712C343840006F6515 /* Release */ = {
			isa = XCBuildConfiguration;
			buildSettings = {
				ALWAYS_SEARCH_USER_PATHS = NO;
				ASSETCATALOG_COMPILER_GENERATE_SWIFT_ASSET_SYMBOL_EXTENSIONS = YES;
				CLANG_ANALYZER_NONNULL = YES;
				CLANG_ANALYZER_NUMBER_OBJECT_CONVERSION = YES_AGGRESSIVE;
				CLANG_CXX_LANGUAGE_STANDARD = "gnu++20";
				CLANG_ENABLE_MODULES = YES;
				CLANG_ENABLE_OBJC_ARC = YES;
				CLANG_ENABLE_OBJC_WEAK = YES;
				CLANG_WARN_BLOCK_CAPTURE_AUTORELEASING = YES;
				CLANG_WARN_BOOL_CONVERSION = YES;
				CLANG_WARN_COMMA = YES;
				CLANG_WARN_CONSTANT_CONVERSION = YES;
				CLANG_WARN_DEPRECATED_OBJC_IMPLEMENTATIONS = YES;
				CLANG_WARN_DIRECT_OBJC_ISA_USAGE = YES_ERROR;
				CLANG_WARN_DOCUMENTATION_COMMENTS = YES;
				CLANG_WARN_EMPTY_BODY = YES;
				CLANG_WARN_ENUM_CONVERSION = YES;
				CLANG_WARN_INFINITE_RECURSION = YES;
				CLANG_WARN_INT_CONVERSION = YES;
				CLANG_WARN_NON_LITERAL_NULL_CONVERSION = YES;
				CLANG_WARN_OBJC_IMPLICIT_RETAIN_SELF = YES;
				CLANG_WARN_OBJC_LITERAL_CONVERSION = YES;
				CLANG_WARN_OBJC_ROOT_CLASS = YES_ERROR;
				CLANG_WARN_QUOTED_INCLUDE_IN_FRAMEWORK_HEADER = YES;
				CLANG_WARN_RANGE_LOOP_ANALYSIS = YES;
				CLANG_WARN_STRICT_PROTOTYPES = YES;
				CLANG_WARN_SUSPICIOUS_MOVE = YES;
				CLANG_WARN_UNGUARDED_AVAILABILITY = YES_AGGRESSIVE;
				CLANG_WARN_UNREACHABLE_CODE = YES;
				CLANG_WARN__DUPLICATE_METHOD_MATCH = YES;
				COPY_PHASE_STRIP = NO;
				DEBUG_INFORMATION_FORMAT = "dwarf-with-dsym";
				ENABLE_NS_ASSERTIONS = NO;
				ENABLE_STRICT_OBJC_MSGSEND = YES;
				ENABLE_USER_SCRIPT_SANDBOXING = YES;
				GCC_C_LANGUAGE_STANDARD = gnu17;
				GCC_NO_COMMON_BLOCKS = YES;
				GCC_WARN_64_TO_32_BIT_CONVERSION = YES;
				GCC_WARN_ABOUT_RETURN_TYPE = YES_ERROR;
				GCC_WARN_UNDECLARED_SELECTOR = YES;
				GCC_WARN_UNINITIALIZED_AUTOS = YES_AGGRESSIVE;
				GCC_WARN_UNUSED_FUNCTION = YES;
				GCC_WARN_UNUSED_VARIABLE = YES;
				IPHONEOS_DEPLOYMENT_TARGET = 17.5;
				LOCALIZATION_PREFERS_STRING_CATALOGS = YES;
				MTL_ENABLE_DEBUG_INFO = NO;
				MTL_FAST_MATH = YES;
				SDKROOT = iphoneos;
				SWIFT_COMPILATION_MODE = wholemodule;
				VALIDATE_PRODUCT = YES;
			};
			name = Release;
		};
		E4F6DD732C343840006F6515 /* Debug */ = {
			isa = XCBuildConfiguration;
			buildSettings = {
				ASSETCATALOG_COMPILER_APPICON_NAME = AppIcon;
				ASSETCATALOG_COMPILER_GLOBAL_ACCENT_COLOR_NAME = AccentColor;
				CODE_SIGN_STYLE = Automatic;
				CURRENT_PROJECT_VERSION = 1;
				GENERATE_INFOPLIST_FILE = YES;
				INFOPLIST_FILE = VievControllerLifecycle/Info.plist;
				INFOPLIST_KEY_UIApplicationSupportsIndirectInputEvents = YES;
				INFOPLIST_KEY_UILaunchStoryboardName = LaunchScreen;
				INFOPLIST_KEY_UIMainStoryboardFile = Main;
				INFOPLIST_KEY_UISupportedInterfaceOrientations_iPad = "UIInterfaceOrientationPortrait UIInterfaceOrientationPortraitUpsideDown UIInterfaceOrientationLandscapeLeft UIInterfaceOrientationLandscapeRight";
				INFOPLIST_KEY_UISupportedInterfaceOrientations_iPhone = "UIInterfaceOrientationPortrait UIInterfaceOrientationLandscapeLeft UIInterfaceOrientationLandscapeRight";
				LD_RUNPATH_SEARCH_PATHS = (
					"$(inherited)",
					"@executable_path/Frameworks",
				);
				MARKETING_VERSION = 1.0;
				PRODUCT_BUNDLE_IDENTIFIER = kalkan.VievControllerLifecycle;
				PRODUCT_NAME = "$(TARGET_NAME)";
				SWIFT_EMIT_LOC_STRINGS = YES;
				SWIFT_VERSION = 5.0;
				TARGETED_DEVICE_FAMILY = "1,2";
			};
			name = Debug;
		};
		E4F6DD742C343840006F6515 /* Release */ = {
			isa = XCBuildConfiguration;
			buildSettings = {
				ASSETCATALOG_COMPILER_APPICON_NAME = AppIcon;
				ASSETCATALOG_COMPILER_GLOBAL_ACCENT_COLOR_NAME = AccentColor;
				CODE_SIGN_STYLE = Automatic;
				CURRENT_PROJECT_VERSION = 1;
				GENERATE_INFOPLIST_FILE = YES;
				INFOPLIST_FILE = VievControllerLifecycle/Info.plist;
				INFOPLIST_KEY_UIApplicationSupportsIndirectInputEvents = YES;
				INFOPLIST_KEY_UILaunchStoryboardName = LaunchScreen;
				INFOPLIST_KEY_UIMainStoryboardFile = Main;
				INFOPLIST_KEY_UISupportedInterfaceOrientations_iPad = "UIInterfaceOrientationPortrait UIInterfaceOrientationPortraitUpsideDown UIInterfaceOrientationLandscapeLeft UIInterfaceOrientationLandscapeRight";
				INFOPLIST_KEY_UISupportedInterfaceOrientations_iPhone = "UIInterfaceOrientationPortrait UIInterfaceOrientationLandscapeLeft UIInterfaceOrientationLandscapeRight";
				LD_RUNPATH_SEARCH_PATHS = (
					"$(inherited)",
					"@executable_path/Frameworks",
				);
				MARKETING_VERSION = 1.0;
				PRODUCT_BUNDLE_IDENTIFIER = kalkan.VievControllerLifecycle;
				PRODUCT_NAME = "$(TARGET_NAME)";
				SWIFT_EMIT_LOC_STRINGS = YES;
				SWIFT_VERSION = 5.0;
				TARGETED_DEVICE_FAMILY = "1,2";
			};
			name = Release;
		};
		E4F6DD762C343840006F6515 /* Debug */ = {
			isa = XCBuildConfiguration;
			buildSettings = {
				ALWAYS_EMBED_SWIFT_STANDARD_LIBRARIES = YES;
				BUNDLE_LOADER = "$(TEST_HOST)";
				CODE_SIGN_STYLE = Automatic;
				CURRENT_PROJECT_VERSION = 1;
				GENERATE_INFOPLIST_FILE = YES;
				IPHONEOS_DEPLOYMENT_TARGET = 17.5;
				MARKETING_VERSION = 1.0;
				PRODUCT_BUNDLE_IDENTIFIER = kalkan.VievControllerLifecycleTests;
				PRODUCT_NAME = "$(TARGET_NAME)";
				SWIFT_EMIT_LOC_STRINGS = NO;
				SWIFT_VERSION = 5.0;
				TARGETED_DEVICE_FAMILY = "1,2";
				TEST_HOST = "$(BUILT_PRODUCTS_DIR)/VievControllerLifecycle.app/$(BUNDLE_EXECUTABLE_FOLDER_PATH)/VievControllerLifecycle";
			};
			name = Debug;
		};
		E4F6DD772C343840006F6515 /* Release */ = {
			isa = XCBuildConfiguration;
			buildSettings = {
				ALWAYS_EMBED_SWIFT_STANDARD_LIBRARIES = YES;
				BUNDLE_LOADER = "$(TEST_HOST)";
				CODE_SIGN_STYLE = Automatic;
				CURRENT_PROJECT_VERSION = 1;
				GENERATE_INFOPLIST_FILE = YES;
				IPHONEOS_DEPLOYMENT_TARGET = 17.5;
				MARKETING_VERSION = 1.0;
				PRODUCT_BUNDLE_IDENTIFIER = kalkan.VievControllerLifecycleTests;
				PRODUCT_NAME = "$(TARGET_NAME)";
				SWIFT_EMIT_LOC_STRINGS = NO;
				SWIFT_VERSION = 5.0;
				TARGETED_DEVICE_FAMILY = "1,2";
				TEST_HOST = "$(BUILT_PRODUCTS_DIR)/VievControllerLifecycle.app/$(BUNDLE_EXECUTABLE_FOLDER_PATH)/VievControllerLifecycle";
			};
			name = Release;
		};
		E4F6DD792C343840006F6515 /* Debug */ = {
			isa = XCBuildConfiguration;
			buildSettings = {
				ALWAYS_EMBED_SWIFT_STANDARD_LIBRARIES = YES;
				CODE_SIGN_STYLE = Automatic;
				CURRENT_PROJECT_VERSION = 1;
				GENERATE_INFOPLIST_FILE = YES;
				MARKETING_VERSION = 1.0;
				PRODUCT_BUNDLE_IDENTIFIER = kalkan.VievControllerLifecycleUITests;
				PRODUCT_NAME = "$(TARGET_NAME)";
				SWIFT_EMIT_LOC_STRINGS = NO;
				SWIFT_VERSION = 5.0;
				TARGETED_DEVICE_FAMILY = "1,2";
				TEST_TARGET_NAME = VievControllerLifecycle;
			};
			name = Debug;
		};
		E4F6DD7A2C343840006F6515 /* Release */ = {
			isa = XCBuildConfiguration;
			buildSettings = {
				ALWAYS_EMBED_SWIFT_STANDARD_LIBRARIES = YES;
				CODE_SIGN_STYLE = Automatic;
				CURRENT_PROJECT_VERSION = 1;
				GENERATE_INFOPLIST_FILE = YES;
				MARKETING_VERSION = 1.0;
				PRODUCT_BUNDLE_IDENTIFIER = kalkan.VievControllerLifecycleUITests;
				PRODUCT_NAME = "$(TARGET_NAME)";
				SWIFT_EMIT_LOC_STRINGS = NO;
				SWIFT_VERSION = 5.0;
				TARGETED_DEVICE_FAMILY = "1,2";
				TEST_TARGET_NAME = VievControllerLifecycle;
			};
			name = Release;
		};
/* End XCBuildConfiguration section */

/* Begin XCConfigurationList section */
		E4F6DD432C34383F006F6515 /* Build configuration list for PBXProject "VievControllerLifecycle" */ = {
			isa = XCConfigurationList;
			buildConfigurations = (
				E4F6DD702C343840006F6515 /* Debug */,
				E4F6DD712C343840006F6515 /* Release */,
			);
			defaultConfigurationIsVisible = 0;
			defaultConfigurationName = Release;
		};
		E4F6DD722C343840006F6515 /* Build configuration list for PBXNativeTarget "VievControllerLifecycle" */ = {
			isa = XCConfigurationList;
			buildConfigurations = (
				E4F6DD732C343840006F6515 /* Debug */,
				E4F6DD742C343840006F6515 /* Release */,
			);
			defaultConfigurationIsVisible = 0;
			defaultConfigurationName = Release;
		};
		E4F6DD752C343840006F6515 /* Build configuration list for PBXNativeTarget "VievControllerLifecycleTests" */ = {
			isa = XCConfigurationList;
			buildConfigurations = (
				E4F6DD762C343840006F6515 /* Debug */,
				E4F6DD772C343840006F6515 /* Release */,
			);
			defaultConfigurationIsVisible = 0;
			defaultConfigurationName = Release;
		};
		E4F6DD782C343840006F6515 /* Build configuration list for PBXNativeTarget "VievControllerLifecycleUITests" */ = {
			isa = XCConfigurationList;
			buildConfigurations = (
				E4F6DD792C343840006F6515 /* Debug */,
				E4F6DD7A2C343840006F6515 /* Release */,
			);
			defaultConfigurationIsVisible = 0;
			defaultConfigurationName = Release;
		};
/* End XCConfigurationList section */
	};
	rootObject = E4F6DD402C34383F006F6515 /* Project object */;
}
